{
  "name": "crud",
  "version": "1.0.0",
  "lockfileVersion": 3,
  "requires": true,
  "packages": {
    "": {
      "name": "crud",
      "version": "1.0.0",
      "license": "ISC",
      "dependencies": {
        "is-prime": "^1.0.1",
        "prime-number-checker": "^1.0.1"
      }
    },
    "node_modules/advanced-math-toolkit": {
      "version": "1.0.1",
      "resolved": "https://registry.npmjs.org/advanced-math-toolkit/-/advanced-math-toolkit-1.0.1.tgz",
      "integrity": "sha512-iJVamqRKF1hjgll6VYzFasB2Y0/Vtv5TqidecDl6AK3p7ntFe+k2xBmGGfXKhFvZmnNI9YWYCwNTrTxvFoZWxw==",
      "dependencies": {
        "simple-package-example-dangtthuynhi": "^1.0.5",
        "sum-dangtthuynhi": "^1.0.9"
      }
    },
    "node_modules/affirmation-app": {
      "version": "1.0.2",
      "resolved": "https://registry.npmjs.org/affirmation-app/-/affirmation-app-1.0.2.tgz",
      "integrity": "sha512-Psskeg5K052vvbfDiel0bdqQUHjZPWLc7Ygol6uXbZf703w7jK2+PJuEJPrXGUBBuw/9PEz36COwW4U56ufBlg==",
      "dependencies": {
        "advanced-math-toolkit": "^1.0.1",
        "age-calculator-tea": "^1.0.1",
        "bmi-calculator-tea": "^1.0.1",
        "case-converter-tea": "^1.0.1",
        "complex-package-minhhnob": "^1.0.3",
        "consecutive-prime-number-generator-tea": "^1.0.1",
        "current-date-and-time-app": "^1.0.1",
        "example-sum-hminhthu": "^1.0.4",
        "fibonacci-sequence-generator-tea": "^1.0.1",
        "note-taking-tea": "^1.0.1",
        "odd-even-checker-tea": "^1.0.1",
        "prime-number-generator-tea": "^1.0.1",
        "random-integer-list-generator-tea": "^1.0.1",
        "random-number-generator-tea": "^1.0.1",
        "random-quote-generator-tea": "^1.0.1",
        "shopping-cart-app": "^1.0.2",
        "simple-math-operations-tea": "^1.0.2",
        "simple-package-example-dangtthuynhi": "^1.0.5",
        "social-media-analytics-tool": "^1.0.2",
        "string-reversal-tea": "^1.0.1",
        "sum-dangtthuynhi": "^1.0.9",
        "temperature-converter-tea": "^1.0.1",
        "to-do-list-tea": "^1.0.1",
        "uppercase-word-generator-tea": "^1.0.1",
        "weather-app-tea": "^1.0.1",
        "welcome-app-tea": "^1.0.3",
        "welcome-message-app": "^1.0.1",
        "welcome-message-tea": "^1.0.1",
        "word-count-app-tea": "^1.0.1",
        "word-counter-tea": "^1.0.2",
        "word-reverser-tea": "^1.0.2"
      }
    },
    "node_modules/age-calculator-tea": {
      "version": "1.0.1",
      "resolved": "https://registry.npmjs.org/age-calculator-tea/-/age-calculator-tea-1.0.1.tgz",
      "integrity": "sha512-F95grnyThU2mFzC920TfOnmzqsY8BprsWIYUpBeMoX4RGLx26uQeOKayryUpuMYjV/roeuTrqc0FQlSb0hBGLw==",
      "dependencies": {
        "advanced-math-toolkit": "^1.0.1",
        "complex-package-minhhnob": "^1.0.3",
        "example-sum-hminhthu": "^1.0.4",
        "note-taking-tea": "^1.0.1",
        "random-quote-generator-tea": "^1.0.1",
        "shopping-cart-app": "^1.0.2",
        "simple-math-operations-tea": "^1.0.2",
        "simple-package-example-dangtthuynhi": "^1.0.5",
        "social-media-analytics-tool": "^1.0.2",
        "sum-dangtthuynhi": "^1.0.9",
        "to-do-list-tea": "^1.0.1",
        "weather-app-tea": "^1.0.1",
        "word-counter-tea": "^1.0.2",
        "word-reverser-tea": "^1.0.2"
      }
    },
    "node_modules/bmi-calculator-tea": {
      "version": "1.0.1",
      "resolved": "https://registry.npmjs.org/bmi-calculator-tea/-/bmi-calculator-tea-1.0.1.tgz",
      "integrity": "sha512-ZMbaJ7Z07pI6O6BuI+Yy0uc1aAbW2eykS2gN+3RzIOWTN7wR9TrD4kn1OXxKlQGBXOPi6vqAWed3zopmcXAiLQ==",
      "dependencies": {
        "advanced-math-toolkit": "^1.0.1",
        "age-calculator-tea": "^1.0.1",
        "case-converter-tea": "^1.0.1",
        "complex-package-minhhnob": "^1.0.3",
        "consecutive-prime-number-generator-tea": "^1.0.1",
        "current-date-and-time-app": "^1.0.1",
        "example-sum-hminhthu": "^1.0.4",
        "fibonacci-sequence-generator-tea": "^1.0.1",
        "note-taking-tea": "^1.0.1",
        "odd-even-checker-tea": "^1.0.1",
        "prime-number-generator-tea": "^1.0.1",
        "random-integer-list-generator-tea": "^1.0.1",
        "random-number-generator-tea": "^1.0.1",
        "random-quote-generator-tea": "^1.0.1",
        "shopping-cart-app": "^1.0.2",
        "simple-math-operations-tea": "^1.0.2",
        "simple-package-example-dangtthuynhi": "^1.0.5",
        "social-media-analytics-tool": "^1.0.2",
        "string-reversal-tea": "^1.0.1",
        "sum-dangtthuynhi": "^1.0.9",
        "temperature-converter-tea": "^1.0.1",
        "to-do-list-tea": "^1.0.1",
        "uppercase-word-generator-tea": "^1.0.1",
        "weather-app-tea": "^1.0.1",
        "welcome-message-app": "^1.0.1",
        "welcome-message-tea": "^1.0.1",
        "word-count-app-tea": "^1.0.1",
        "word-counter-tea": "^1.0.2",
        "word-reverser-tea": "^1.0.2"
      }
    },
    "node_modules/case-converter-tea": {
      "version": "1.0.1",
      "resolved": "https://registry.npmjs.org/case-converter-tea/-/case-converter-tea-1.0.1.tgz",
      "integrity": "sha512-Ayw3JnP0zaNthYPHfBB054et+IaouNfB98toXvctcXdR3HeohginbFEN7aoYu98DJ4X0gMt2jxcj37QWHqBa9A==",
      "dependencies": {
        "advanced-math-toolkit": "^1.0.1",
        "age-calculator-tea": "^1.0.1",
        "complex-package-minhhnob": "^1.0.3",
        "current-date-and-time-app": "^1.0.1",
        "example-sum-hminhthu": "^1.0.4",
        "note-taking-tea": "^1.0.1",
        "random-number-generator-tea": "^1.0.1",
        "random-quote-generator-tea": "^1.0.1",
        "shopping-cart-app": "^1.0.2",
        "simple-math-operations-tea": "^1.0.2",
        "simple-package-example-dangtthuynhi": "^1.0.5",
        "social-media-analytics-tool": "^1.0.2",
        "sum-dangtthuynhi": "^1.0.9",
        "to-do-list-tea": "^1.0.1",
        "uppercase-word-generator-tea": "^1.0.1",
        "weather-app-tea": "^1.0.1",
        "welcome-message-app": "^1.0.1",
        "word-count-app-tea": "^1.0.1",
        "word-counter-tea": "^1.0.2",
        "word-reverser-tea": "^1.0.2"
      }
    },
    "node_modules/complex-package-minhhnob": {
      "version": "1.0.3",
      "resolved": "https://registry.npmjs.org/complex-package-minhhnob/-/complex-package-minhhnob-1.0.3.tgz",
      "integrity": "sha512-PHnL3T2s8ryoeo1qeNyxoSA/tY4q4ZP8YWnSimInvCsUpT0i60u6wFDnbRhD+tXykjlGXIecq5bdXtFy+eH+xw==",
      "dependencies": {
        "advanced-math-toolkit": "^1.0.1",
        "example-sum-hminhthu": "^1.0.3",
        "simple-package-example-dangtthuynhi": "^1.0.5",
        "sum-dangtthuynhi": "^1.0.9"
      }
    },
    "node_modules/consecutive-prime-number-generator-tea": {
      "version": "1.0.1",
      "resolved": "https://registry.npmjs.org/consecutive-prime-number-generator-tea/-/consecutive-prime-number-generator-tea-1.0.1.tgz",
      "integrity": "sha512-hlWazCPnVPu1cQNykV3WgkWc3Mq96xJsA4hsRswiuSY3x/KIDoeM7JYueOsEWT45IUODMVUZaj/jEvA5JSyRjA==",
      "dependencies": {
        "advanced-math-toolkit": "^1.0.1",
        "age-calculator-tea": "^1.0.1",
        "case-converter-tea": "^1.0.1",
        "complex-package-minhhnob": "^1.0.3",
        "current-date-and-time-app": "^1.0.1",
        "example-sum-hminhthu": "^1.0.4",
        "fibonacci-sequence-generator-tea": "^1.0.1",
        "note-taking-tea": "^1.0.1",
        "odd-even-checker-tea": "^1.0.1",
        "prime-number-generator-tea": "^1.0.1",
        "random-integer-list-generator-tea": "^1.0.1",
        "random-number-generator-tea": "^1.0.1",
        "random-quote-generator-tea": "^1.0.1",
        "shopping-cart-app": "^1.0.2",
        "simple-math-operations-tea": "^1.0.2",
        "simple-package-example-dangtthuynhi": "^1.0.5",
        "social-media-analytics-tool": "^1.0.2",
        "string-reversal-tea": "^1.0.1",
        "sum-dangtthuynhi": "^1.0.9",
        "to-do-list-tea": "^1.0.1",
        "uppercase-word-generator-tea": "^1.0.1",
        "weather-app-tea": "^1.0.1",
        "welcome-message-app": "^1.0.1",
        "word-count-app-tea": "^1.0.1",
        "word-counter-tea": "^1.0.2",
        "word-reverser-tea": "^1.0.2"
      }
    },
    "node_modules/course-list-app": {
      "version": "1.0.2",
      "resolved": "https://registry.npmjs.org/course-list-app/-/course-list-app-1.0.2.tgz",
      "integrity": "sha512-JE3Fckl7jI0bJip4hQIfQ7dkh7QiBySCDoRCosdqUFPLwJR3o717HEhrrxTJ28VYLYn3oo+PwFPMXX39f8Yudg==",
      "dependencies": {
        "advanced-math-toolkit": "^1.0.1",
        "affirmation-app": "^1.0.2",
        "age-calculator-tea": "^1.0.1",
        "bmi-calculator-tea": "^1.0.1",
        "case-converter-tea": "^1.0.1",
        "complex-package-minhhnob": "^1.0.3",
        "consecutive-prime-number-generator-tea": "^1.0.1",
        "current-date-and-time-app": "^1.0.1",
        "example-sum-hminhthu": "^1.0.4",
        "fibonacci-sequence-generator-tea": "^1.0.1",
        "note-taking-tea": "^1.0.1",
        "odd-even-checker-tea": "^1.0.1",
        "prime-number-generator-tea": "^1.0.1",
        "random-integer-list-generator-tea": "^1.0.1",
        "random-number-generator-tea": "^1.0.1",
        "random-quote-generator-tea": "^1.0.1",
        "shopping-cart-app": "^1.0.2",
        "simple-math-operations-tea": "^1.0.2",
        "simple-package-example-dangtthuynhi": "^1.0.5",
        "social-media-analytics-tool": "^1.0.2",
        "string-reversal-tea": "^1.0.1",
        "sum-dangtthuynhi": "^1.0.9",
        "temperature-converter-tea": "^1.0.1",
        "to-do-list-tea": "^1.0.1",
        "uppercase-word-generator-tea": "^1.0.1",
        "weather-app-tea": "^1.0.1",
        "welcome-app-tea": "^1.0.3",
        "welcome-message-app": "^1.0.1",
        "welcome-message-tea": "^1.0.1",
        "word-count-app-tea": "^1.0.1",
        "word-counter-tea": "^1.0.2",
        "word-reverser-tea": "^1.0.2"
      }
    },
    "node_modules/current-date-and-time-app": {
      "version": "1.0.1",
      "resolved": "https://registry.npmjs.org/current-date-and-time-app/-/current-date-and-time-app-1.0.1.tgz",
      "integrity": "sha512-WtmuAR8zx7NSMbf/x/OAbxSXgL4DLiwuavQPcKrHY+fWTZkZtJauuoe6tGARybHnSqYlsGF604AlqFjH4Xm6Pw==",
      "dependencies": {
        "advanced-math-toolkit": "^1.0.1",
        "age-calculator-tea": "^1.0.1",
        "complex-package-minhhnob": "^1.0.3",
        "example-sum-hminhthu": "^1.0.4",
        "note-taking-tea": "^1.0.1",
        "random-quote-generator-tea": "^1.0.1",
        "shopping-cart-app": "^1.0.2",
        "simple-math-operations-tea": "^1.0.2",
        "simple-package-example-dangtthuynhi": "^1.0.5",
        "social-media-analytics-tool": "^1.0.2",
        "sum-dangtthuynhi": "^1.0.9",
        "to-do-list-tea": "^1.0.1",
        "weather-app-tea": "^1.0.1",
        "welcome-message-app": "^1.0.1",
        "word-counter-tea": "^1.0.2",
        "word-reverser-tea": "^1.0.2"
      }
    },
    "node_modules/example-sum-hminhthu": {
      "version": "1.0.4",
      "resolved": "https://registry.npmjs.org/example-sum-hminhthu/-/example-sum-hminhthu-1.0.4.tgz",
      "integrity": "sha512-qDMamPlzjEgLUucqAnK/BweP+j/8HxxKUqR9FLu/DBf4T0KV4O6URGFS7rTUg1szmeQX4mGgVERHIEkUstwhSg==",
      "dependencies": {
        "advanced-math-toolkit": "^1.0.1",
        "simple-package-example-dangtthuynhi": "^1.0.5",
        "sum-dangtthuynhi": "^1.0.5"
      }
    },
    "node_modules/fibonacci-sequence-generator-tea": {
      "version": "1.0.1",
      "resolved": "https://registry.npmjs.org/fibonacci-sequence-generator-tea/-/fibonacci-sequence-generator-tea-1.0.1.tgz",
      "integrity": "sha512-41NzLneQxL9woD1sgM3vsZVw70Taea+c5TCscepTEunv9v+YmePTIxwzq0hq6Z5f5jb/nyFw2gStRT4s8yqgxw==",
      "dependencies": {
        "advanced-math-toolkit": "^1.0.1",
        "age-calculator-tea": "^1.0.1",
        "case-converter-tea": "^1.0.1",
        "complex-package-minhhnob": "^1.0.3",
        "current-date-and-time-app": "^1.0.1",
        "example-sum-hminhthu": "^1.0.4",
        "note-taking-tea": "^1.0.1",
        "odd-even-checker-tea": "^1.0.1",
        "prime-number-generator-tea": "^1.0.1",
        "random-integer-list-generator-tea": "^1.0.1",
        "random-number-generator-tea": "^1.0.1",
        "random-quote-generator-tea": "^1.0.1",
        "shopping-cart-app": "^1.0.2",
        "simple-math-operations-tea": "^1.0.2",
        "simple-package-example-dangtthuynhi": "^1.0.5",
        "social-media-analytics-tool": "^1.0.2",
        "string-reversal-tea": "^1.0.1",
        "sum-dangtthuynhi": "^1.0.9",
        "to-do-list-tea": "^1.0.1",
        "uppercase-word-generator-tea": "^1.0.1",
        "weather-app-tea": "^1.0.1",
        "welcome-message-app": "^1.0.1",
        "word-count-app-tea": "^1.0.1",
        "word-counter-tea": "^1.0.2",
        "word-reverser-tea": "^1.0.2"
      }
    },
    "node_modules/is-finite": {
      "version": "1.1.0",
      "resolved": "https://registry.npmjs.org/is-finite/-/is-finite-1.1.0.tgz",
      "integrity": "sha512-cdyMtqX/BOqqNBBiKlIVkytNHm49MtMlYyn1zxzvJKWmFMlGzm+ry5BBfYyeY9YmNKbRSo/o7OX9w9ale0wg3w==",
      "engines": {
        "node": ">=0.10.0"
      },
      "funding": {
        "url": "https://github.com/sponsors/sindresorhus"
      }
    },
    "node_modules/is-prime": {
      "version": "1.0.1",
      "resolved": "https://registry.npmjs.org/is-prime/-/is-prime-1.0.1.tgz",
      "integrity": "sha512-2jEq1bckTvaKN6DVbq+6C8ecqJevQWtUgGOoED26S8nUr2+efYvRKlaYnj3Vx4mEFyAaE9PYfkRlMBEzJMLKpg==",
      "dependencies": {
        "number-is-integer": "*"
      },
      "engines": {
        "node": ">=0.10.0"
      }
    },
    "node_modules/note-taking-tea": {
      "version": "1.0.1",
      "resolved": "https://registry.npmjs.org/note-taking-tea/-/note-taking-tea-1.0.1.tgz",
      "integrity": "sha512-P4VI78Xq6rz6KNJEd11plif4rRlbisP2w++uGBHr0PpfHf14PqMrUN3gHX5n2qoIveUkwU5jbmSbjcqTffHW7Q==",
      "dependencies": {
        "advanced-math-toolkit": "^1.0.1",
        "complex-package-minhhnob": "^1.0.3",
        "example-sum-hminhthu": "^1.0.4",
        "shopping-cart-app": "^1.0.2",
        "simple-math-operations-tea": "^1.0.2",
        "simple-package-example-dangtthuynhi": "^1.0.5",
        "social-media-analytics-tool": "^1.0.2",
        "sum-dangtthuynhi": "^1.0.9",
        "to-do-list-tea": "^1.0.1",
        "weather-app-tea": "^1.0.1",
        "word-counter-tea": "^1.0.2",
        "word-reverser-tea": "^1.0.2"
      }
    },
    "node_modules/number-is-integer": {
      "version": "2.0.0",
      "resolved": "https://registry.npmjs.org/number-is-integer/-/number-is-integer-2.0.0.tgz",
      "integrity": "sha512-sNqkyjlp8T5DHX51pnAWuF8OUQBSo4WzQ6D4Gemt+UtRf+ra3etdt/sE9vxQHoRLY573Gbb4oZsDTNp7tfUQjA==",
      "deprecated": "Deprecated",
      "dependencies": {
        "is-finite": "^1.0.1"
      },
      "engines": {
        "node": ">=0.10.0"
      }
    },
    "node_modules/odd-even-checker-tea": {
      "version": "1.0.1",
      "resolved": "https://registry.npmjs.org/odd-even-checker-tea/-/odd-even-checker-tea-1.0.1.tgz",
      "integrity": "sha512-sav9+UL0jKAm0Pl4v8b/Ed1oZbl9gyIlLeMfRqBwShqEC1MseqTxWhUs67i2144QwTZb9c6PrE0PcKLoRY1q5Q==",
      "dependencies": {
        "advanced-math-toolkit": "^1.0.1",
        "age-calculator-tea": "^1.0.1",
        "case-converter-tea": "^1.0.1",
        "complex-package-minhhnob": "^1.0.3",
        "current-date-and-time-app": "^1.0.1",
        "example-sum-hminhthu": "^1.0.4",
        "note-taking-tea": "^1.0.1",
        "prime-number-generator-tea": "^1.0.1",
        "random-integer-list-generator-tea": "^1.0.1",
        "random-number-generator-tea": "^1.0.1",
        "random-quote-generator-tea": "^1.0.1",
        "shopping-cart-app": "^1.0.2",
        "simple-math-operations-tea": "^1.0.2",
        "simple-package-example-dangtthuynhi": "^1.0.5",
        "social-media-analytics-tool": "^1.0.2",
        "string-reversal-tea": "^1.0.1",
        "sum-dangtthuynhi": "^1.0.9",
        "to-do-list-tea": "^1.0.1",
        "uppercase-word-generator-tea": "^1.0.1",
        "weather-app-tea": "^1.0.1",
        "welcome-message-app": "^1.0.1",
        "word-count-app-tea": "^1.0.1",
        "word-counter-tea": "^1.0.2",
        "word-reverser-tea": "^1.0.2"
      }
    },
    "node_modules/prime-number-checker": {
      "version": "1.0.1",
      "resolved": "https://registry.npmjs.org/prime-number-checker/-/prime-number-checker-1.0.1.tgz",
      "integrity": "sha512-dgljj3DYnTVHzkUSV71UNyt8lHIO3LQde6+Qc9mPI/lpSUHtYwY8fb4uROBZMhjcSGwL8HNalxrSJIlQc0LvGg==",
      "dependencies": {
        "advanced-math-toolkit": "^1.0.1",
        "affirmation-app": "^1.0.2",
        "age-calculator-tea": "^1.0.1",
        "bmi-calculator-tea": "^1.0.1",
        "case-converter-tea": "^1.0.1",
        "complex-package-minhhnob": "^1.0.3",
        "consecutive-prime-number-generator-tea": "^1.0.1",
        "course-list-app": "^1.0.2",
        "current-date-and-time-app": "^1.0.1",
        "example-sum-hminhthu": "^1.0.4",
        "fibonacci-sequence-generator-tea": "^1.0.1",
        "note-taking-tea": "^1.0.1",
        "odd-even-checker-tea": "^1.0.1",
        "prime-number-generator-tea": "^1.0.1",
        "random-integer-list-generator-tea": "^1.0.1",
        "random-number-generator-tea": "^1.0.1",
        "random-quote-generator-tea": "^1.0.1",
        "shopping-cart-app": "^1.0.2",
        "simple-calculator-app-tea": "^1.0.1",
        "simple-math-operations-tea": "^1.0.2",
        "simple-package-example-dangtthuynhi": "^1.0.5",
        "social-media-analytics-tool": "^1.0.2",
        "string-reversal-tea": "^1.0.1",
        "sum-dangtthuynhi": "^1.0.9",
        "temperature-converter-tea": "^1.0.1",
        "to-do-list-tea": "^1.0.1",
        "uppercase-word-generator-tea": "^1.0.1",
        "weather-app-tea": "^1.0.1",
        "welcome-app-tea": "^1.0.3",
        "welcome-message-app": "^1.0.1",
        "welcome-message-tea": "^1.0.1",
        "word-count-app-tea": "^1.0.1",
        "word-counter-tea": "^1.0.2",
        "word-reverser-tea": "^1.0.2"
      }
    },
    "node_modules/prime-number-generator-tea": {
      "version": "1.0.1",
      "resolved": "https://registry.npmjs.org/prime-number-generator-tea/-/prime-number-generator-tea-1.0.1.tgz",
      "integrity": "sha512-tNSeudScaK489L1qQgl5BOx36O7nPoVSjoOupNwx5csSAkOZ2NqzaH6FcB89XDWuKCV78sLoOyo3zgkyvdz3vA==",
      "dependencies": {
        "advanced-math-toolkit": "^1.0.1",
        "age-calculator-tea": "^1.0.1",
        "case-converter-tea": "^1.0.1",
        "complex-package-minhhnob": "^1.0.3",
        "current-date-and-time-app": "^1.0.1",
        "example-sum-hminhthu": "^1.0.4",
        "note-taking-tea": "^1.0.1",
        "random-number-generator-tea": "^1.0.1",
        "random-quote-generator-tea": "^1.0.1",
        "shopping-cart-app": "^1.0.2",
        "simple-math-operations-tea": "^1.0.2",
        "simple-package-example-dangtthuynhi": "^1.0.5",
        "social-media-analytics-tool": "^1.0.2",
        "sum-dangtthuynhi": "^1.0.9",
        "to-do-list-tea": "^1.0.1",
        "uppercase-word-generator-tea": "^1.0.1",
        "weather-app-tea": "^1.0.1",
        "welcome-message-app": "^1.0.1",
        "word-count-app-tea": "^1.0.1",
        "word-counter-tea": "^1.0.2",
        "word-reverser-tea": "^1.0.2"
      }
    },
    "node_modules/random-integer-list-generator-tea": {
      "version": "1.0.1",
      "resolved": "https://registry.npmjs.org/random-integer-list-generator-tea/-/random-integer-list-generator-tea-1.0.1.tgz",
      "integrity": "sha512-Wz93sXF/xl+YcTOGQMPPvO94Lo/qJlQ5mzIWkZncrIlUYEnr5DobZQpwCW/v6RlKi79Kv6v0sYMlgMhDvIqg0A==",
      "dependencies": {
        "advanced-math-toolkit": "^1.0.1",
        "age-calculator-tea": "^1.0.1",
        "case-converter-tea": "^1.0.1",
        "complex-package-minhhnob": "^1.0.3",
        "current-date-and-time-app": "^1.0.1",
        "example-sum-hminhthu": "^1.0.4",
        "note-taking-tea": "^1.0.1",
        "prime-number-generator-tea": "^1.0.1",
        "random-number-generator-tea": "^1.0.1",
        "random-quote-generator-tea": "^1.0.1",
        "shopping-cart-app": "^1.0.2",
        "simple-math-operations-tea": "^1.0.2",
        "simple-package-example-dangtthuynhi": "^1.0.5",
        "social-media-analytics-tool": "^1.0.2",
        "string-reversal-tea": "^1.0.1",
        "sum-dangtthuynhi": "^1.0.9",
        "to-do-list-tea": "^1.0.1",
        "uppercase-word-generator-tea": "^1.0.1",
        "weather-app-tea": "^1.0.1",
        "welcome-message-app": "^1.0.1",
        "word-count-app-tea": "^1.0.1",
        "word-counter-tea": "^1.0.2",
        "word-reverser-tea": "^1.0.2"
      }
    },
    "node_modules/random-number-generator-tea": {
      "version": "1.0.1",
      "resolved": "https://registry.npmjs.org/random-number-generator-tea/-/random-number-generator-tea-1.0.1.tgz",
      "integrity": "sha512-baJ+L8D/DXV8yhXzqnqfWATW2Ic7zNGxAkVFYlOpPvi4EYUPOuh+wcUMYjXbg1AEKBlCED8zflxPTW2vjeyeVg==",
      "dependencies": {
        "advanced-math-toolkit": "^1.0.1",
        "age-calculator-tea": "^1.0.1",
        "complex-package-minhhnob": "^1.0.3",
        "current-date-and-time-app": "^1.0.1",
        "example-sum-hminhthu": "^1.0.4",
        "note-taking-tea": "^1.0.1",
        "random-quote-generator-tea": "^1.0.1",
        "shopping-cart-app": "^1.0.2",
        "simple-math-operations-tea": "^1.0.2",
        "simple-package-example-dangtthuynhi": "^1.0.5",
        "social-media-analytics-tool": "^1.0.2",
        "sum-dangtthuynhi": "^1.0.9",
        "to-do-list-tea": "^1.0.1",
        "weather-app-tea": "^1.0.1",
        "welcome-message-app": "^1.0.1",
        "word-count-app-tea": "^1.0.1",
        "word-counter-tea": "^1.0.2",
        "word-reverser-tea": "^1.0.2"
      }
    },
    "node_modules/random-quote-generator-tea": {
      "version": "1.0.1",
      "resolved": "https://registry.npmjs.org/random-quote-generator-tea/-/random-quote-generator-tea-1.0.1.tgz",
      "integrity": "sha512-TGF0nt6WQGJYH/5ilSocxiGsUE2vrEro/hmBzFqKvoXaR76Cc8R9I7b3IXI0sZdRJ3oeN6tRojLYveQbTIFPjg==",
      "dependencies": {
        "advanced-math-toolkit": "^1.0.1",
        "complex-package-minhhnob": "^1.0.3",
        "example-sum-hminhthu": "^1.0.4",
        "note-taking-tea": "^1.0.1",
        "shopping-cart-app": "^1.0.2",
        "simple-math-operations-tea": "^1.0.2",
        "simple-package-example-dangtthuynhi": "^1.0.5",
        "social-media-analytics-tool": "^1.0.2",
        "sum-dangtthuynhi": "^1.0.9",
        "to-do-list-tea": "^1.0.1",
        "weather-app-tea": "^1.0.1",
        "word-counter-tea": "^1.0.2",
        "word-reverser-tea": "^1.0.2"
      }
    },
    "node_modules/shopping-cart-app": {
      "version": "1.0.2",
      "resolved": "https://registry.npmjs.org/shopping-cart-app/-/shopping-cart-app-1.0.2.tgz",
      "integrity": "sha512-XYqrYLbH0DNvhuFkZwUxLARFENN4ixMrTgao6jRSVxuXdRq3TASIpPBTvMo5PvJXXVC1090ZeV0E4ifxinML7w==",
      "dependencies": {
        "advanced-math-toolkit": "^1.0.1",
        "complex-package-minhhnob": "^1.0.3",
        "example-sum-hminhthu": "^1.0.4",
        "simple-package-example-dangtthuynhi": "^1.0.5",
        "social-media-analytics-tool": "^1.0.2",
        "sum-dangtthuynhi": "^1.0.9",
        "word-counter-tea": "^1.0.2",
        "word-reverser-tea": "^1.0.2"
      }
    },
    "node_modules/simple-calculator-app-tea": {
      "version": "1.0.1",
      "resolved": "https://registry.npmjs.org/simple-calculator-app-tea/-/simple-calculator-app-tea-1.0.1.tgz",
      "integrity": "sha512-2fSWbP8O6+cwpV0bwUIkVp2RKffIrDiyBw2J/Devpp3OQfD2Z3ywF9TMaYQ4OKVcd4LAwUyRnWKN6LmIgD3pLQ==",
      "dependencies": {
        "advanced-math-toolkit": "^1.0.1",
        "affirmation-app": "^1.0.2",
        "age-calculator-tea": "^1.0.1",
        "bmi-calculator-tea": "^1.0.1",
        "case-converter-tea": "^1.0.1",
        "complex-package-minhhnob": "^1.0.3",
        "consecutive-prime-number-generator-tea": "^1.0.1",
        "course-list-app": "^1.0.2",
        "current-date-and-time-app": "^1.0.1",
        "example-sum-hminhthu": "^1.0.4",
        "fibonacci-sequence-generator-tea": "^1.0.1",
        "note-taking-tea": "^1.0.1",
        "odd-even-checker-tea": "^1.0.1",
        "prime-number-generator-tea": "^1.0.1",
        "random-integer-list-generator-tea": "^1.0.1",
        "random-number-generator-tea": "^1.0.1",
        "random-quote-generator-tea": "^1.0.1",
        "shopping-cart-app": "^1.0.2",
        "simple-math-operations-tea": "^1.0.2",
        "simple-package-example-dangtthuynhi": "^1.0.5",
        "social-media-analytics-tool": "^1.0.2",
        "string-reversal-tea": "^1.0.1",
        "sum-dangtthuynhi": "^1.0.9",
        "temperature-converter-tea": "^1.0.1",
        "to-do-list-tea": "^1.0.1",
        "uppercase-word-generator-tea": "^1.0.1",
        "weather-app-tea": "^1.0.1",
        "welcome-app-tea": "^1.0.3",
        "welcome-message-app": "^1.0.1",
        "welcome-message-tea": "^1.0.1",
        "word-count-app-tea": "^1.0.1",
        "word-counter-tea": "^1.0.2",
        "word-reverser-tea": "^1.0.2"
      }
    },
    "node_modules/simple-math-operations-tea": {
      "version": "1.0.2",
      "resolved": "https://registry.npmjs.org/simple-math-operations-tea/-/simple-math-operations-tea-1.0.2.tgz",
      "integrity": "sha512-83We/W8Pa9c2WEhNhGpQ7g3S/AEMaENCyCGXIADAj3FMJ8xJ3RfetcpMB6FgUZXivv1/9n8/M1bfTv7cGPfHtA==",
      "dependencies": {
        "advanced-math-toolkit": "^1.0.1",
        "complex-package-minhhnob": "^1.0.3",
        "example-sum-hminhthu": "^1.0.4",
        "shopping-cart-app": "^1.0.2",
        "simple-package-example-dangtthuynhi": "^1.0.5",
        "social-media-analytics-tool": "^1.0.2",
        "sum-dangtthuynhi": "^1.0.9",
        "weather-app-tea": "^1.0.1",
        "word-counter-tea": "^1.0.2",
        "word-reverser-tea": "^1.0.2"
      }
    },
    "node_modules/simple-package-example-dangtthuynhi": {
      "version": "1.0.5",
      "resolved": "https://registry.npmjs.org/simple-package-example-dangtthuynhi/-/simple-package-example-dangtthuynhi-1.0.5.tgz",
      "integrity": "sha512-JUUuqfN58+FBADlvtP4JBVltAo6QoaQddHQElkhG39rH4Q7k41PX3UlohriPlGCeUlnjFw1z6jZiIQ5L1S/r1g==",
      "dependencies": {
        "advanced-math-toolkit": "^1.0.0",
        "simple-package-example-dangtthuynhi": "^1.0.0",
        "sum-dangtthuynhi": "^1.0.9"
      }
    },
    "node_modules/social-media-analytics-tool": {
      "version": "1.0.2",
      "resolved": "https://registry.npmjs.org/social-media-analytics-tool/-/social-media-analytics-tool-1.0.2.tgz",
      "integrity": "sha512-YbjelUoPcPclf8pyQVGCtJ+mHJGaNxxSnGRor1Rbec+eY1Mjh7EadelMim/0fXlV+Z1upLtg1ujEVkO6tHtnuw==",
      "dependencies": {
        "advanced-math-toolkit": "^1.0.1",
        "complex-package-minhhnob": "^1.0.3",
        "example-sum-hminhthu": "^1.0.4",
        "simple-package-example-dangtthuynhi": "^1.0.5",
        "sum-dangtthuynhi": "^1.0.9",
        "word-counter-tea": "^1.0.2",
        "word-reverser-tea": "^1.0.2"
      }
    },
    "node_modules/string-reversal-tea": {
      "version": "1.0.1",
      "resolved": "https://registry.npmjs.org/string-reversal-tea/-/string-reversal-tea-1.0.1.tgz",
      "integrity": "sha512-CAouK6xeUAT1i8K0uoj53Z17vRsljLr2nB8AbQtF1iZuQ8oQyn88acItXxfVqs32nqdAU4SBNGpEN/YOPBe1AQ==",
      "dependencies": {
        "advanced-math-toolkit": "^1.0.1",
        "age-calculator-tea": "^1.0.1",
        "case-converter-tea": "^1.0.1",
        "complex-package-minhhnob": "^1.0.3",
        "current-date-and-time-app": "^1.0.1",
        "example-sum-hminhthu": "^1.0.4",
        "note-taking-tea": "^1.0.1",
        "prime-number-generator-tea": "^1.0.1",
        "random-number-generator-tea": "^1.0.1",
        "random-quote-generator-tea": "^1.0.1",
        "shopping-cart-app": "^1.0.2",
        "simple-math-operations-tea": "^1.0.2",
        "simple-package-example-dangtthuynhi": "^1.0.5",
        "social-media-analytics-tool": "^1.0.2",
        "sum-dangtthuynhi": "^1.0.9",
        "to-do-list-tea": "^1.0.1",
        "uppercase-word-generator-tea": "^1.0.1",
        "weather-app-tea": "^1.0.1",
        "welcome-message-app": "^1.0.1",
        "word-count-app-tea": "^1.0.1",
        "word-counter-tea": "^1.0.2",
        "word-reverser-tea": "^1.0.2"
      }
    },
    "node_modules/sum-dangtthuynhi": {
      "version": "1.0.9",
      "resolved": "https://registry.npmjs.org/sum-dangtthuynhi/-/sum-dangtthuynhi-1.0.9.tgz",
      "integrity": "sha512-kAm2SQo0r82PuGSgdFC/z8VbekKLu44qOf9+QUvJJTQWlZlxc9nq52H5OQOYeCFz7lm+Ot3/QqjBfQZ6YKvswQ=="
    },
    "node_modules/temperature-converter-tea": {
      "version": "1.0.1",
      "resolved": "https://registry.npmjs.org/temperature-converter-tea/-/temperature-converter-tea-1.0.1.tgz",
      "integrity": "sha512-h0K9b7wxIO5s2sW3dRLgO3MYwZdSE03/7DR/K030uFofBnwjwXAccbxXM5DtjznMn9QvF4KY0BBCIUwZ1VXG0Q==",
      "dependencies": {
        "advanced-math-toolkit": "^1.0.1",
        "age-calculator-tea": "^1.0.1",
        "case-converter-tea": "^1.0.1",
        "complex-package-minhhnob": "^1.0.3",
        "consecutive-prime-number-generator-tea": "^1.0.1",
        "current-date-and-time-app": "^1.0.1",
        "example-sum-hminhthu": "^1.0.4",
        "fibonacci-sequence-generator-tea": "^1.0.1",
        "note-taking-tea": "^1.0.1",
        "odd-even-checker-tea": "^1.0.1",
        "prime-number-generator-tea": "^1.0.1",
        "random-integer-list-generator-tea": "^1.0.1",
        "random-number-generator-tea": "^1.0.1",
        "random-quote-generator-tea": "^1.0.1",
        "shopping-cart-app": "^1.0.2",
        "simple-math-operations-tea": "^1.0.2",
        "simple-package-example-dangtthuynhi": "^1.0.5",
        "social-media-analytics-tool": "^1.0.2",
        "string-reversal-tea": "^1.0.1",
        "sum-dangtthuynhi": "^1.0.9",
        "to-do-list-tea": "^1.0.1",
        "uppercase-word-generator-tea": "^1.0.1",
        "weather-app-tea": "^1.0.1",
        "welcome-message-app": "^1.0.1",
        "welcome-message-tea": "^1.0.1",
        "word-count-app-tea": "^1.0.1",
        "word-counter-tea": "^1.0.2",
        "word-reverser-tea": "^1.0.2"
      }
    },
    "node_modules/to-do-list-tea": {
      "version": "1.0.1",
      "resolved": "https://registry.npmjs.org/to-do-list-tea/-/to-do-list-tea-1.0.1.tgz",
      "integrity": "sha512-oy33HdYfZDLOvcfUzhvmg0aOk8cqS/67cUebWuFjJ5H10Wk3bkQ6Y9Ke21U6xP0+G/pGBCeiIxNu/pbwAo9dXA==",
      "dependencies": {
        "advanced-math-toolkit": "^1.0.1",
        "complex-package-minhhnob": "^1.0.3",
        "example-sum-hminhthu": "^1.0.4",
        "shopping-cart-app": "^1.0.2",
        "simple-math-operations-tea": "^1.0.2",
        "simple-package-example-dangtthuynhi": "^1.0.5",
        "social-media-analytics-tool": "^1.0.2",
        "sum-dangtthuynhi": "^1.0.9",
        "weather-app-tea": "^1.0.1",
        "word-counter-tea": "^1.0.2",
        "word-reverser-tea": "^1.0.2"
      }
    },
    "node_modules/uppercase-word-generator-tea": {
      "version": "1.0.1",
      "resolved": "https://registry.npmjs.org/uppercase-word-generator-tea/-/uppercase-word-generator-tea-1.0.1.tgz",
      "integrity": "sha512-2IiZUCwf12h+zvZjL0IhQcWz2g7XIwY+ii2A4/GlZcNT74QbZAj1E/C2zPpQ1gjs1MmARl8hXQ++biz8ZYMDtg==",
      "dependencies": {
        "advanced-math-toolkit": "^1.0.1",
        "age-calculator-tea": "^1.0.1",
        "complex-package-minhhnob": "^1.0.3",
        "current-date-and-time-app": "^1.0.1",
        "example-sum-hminhthu": "^1.0.4",
        "note-taking-tea": "^1.0.1",
        "random-number-generator-tea": "^1.0.1",
        "random-quote-generator-tea": "^1.0.1",
        "shopping-cart-app": "^1.0.2",
        "simple-math-operations-tea": "^1.0.2",
        "simple-package-example-dangtthuynhi": "^1.0.5",
        "social-media-analytics-tool": "^1.0.2",
        "sum-dangtthuynhi": "^1.0.9",
        "to-do-list-tea": "^1.0.1",
        "weather-app-tea": "^1.0.1",
        "welcome-message-app": "^1.0.1",
        "word-count-app-tea": "^1.0.1",
        "word-counter-tea": "^1.0.2",
        "word-reverser-tea": "^1.0.2"
      }
    },
    "node_modules/weather-app-tea": {
      "version": "1.0.1",
      "resolved": "https://registry.npmjs.org/weather-app-tea/-/weather-app-tea-1.0.1.tgz",
      "integrity": "sha512-hcmXctJ0es0FK7ctV6TQZUkqCqpwRytZImKMUCd0FkKfW2lYbtYWb2vdRIwalH0mThxYTzpI3UNe/LV3JuH/rg==",
      "dependencies": {
        "advanced-math-toolkit": "^1.0.1",
        "complex-package-minhhnob": "^1.0.3",
        "example-sum-hminhthu": "^1.0.4",
        "shopping-cart-app": "^1.0.2",
        "simple-package-example-dangtthuynhi": "^1.0.5",
        "social-media-analytics-tool": "^1.0.2",
        "sum-dangtthuynhi": "^1.0.9",
        "word-counter-tea": "^1.0.2",
        "word-reverser-tea": "^1.0.2"
      }
    },
    "node_modules/welcome-app-tea": {
      "version": "1.0.3",
      "resolved": "https://registry.npmjs.org/welcome-app-tea/-/welcome-app-tea-1.0.3.tgz",
      "integrity": "sha512-H3px1jfjqkyHPRmGtvfLvlz9MjrKqNQcB7iGBlm7rcdxF6L+0qM+Sy4rWKGP+47B9W19lqutqm/SPTEt3k/j6w==",
      "dependencies": {
        "advanced-math-toolkit": "^1.0.1",
        "age-calculator-tea": "^1.0.1",
        "bmi-calculator-tea": "^1.0.1",
        "case-converter-tea": "^1.0.1",
        "complex-package-minhhnob": "^1.0.3",
        "consecutive-prime-number-generator-tea": "^1.0.1",
        "current-date-and-time-app": "^1.0.1",
        "example-sum-hminhthu": "^1.0.4",
        "fibonacci-sequence-generator-tea": "^1.0.1",
        "note-taking-tea": "^1.0.1",
        "odd-even-checker-tea": "^1.0.1",
        "prime-number-generator-tea": "^1.0.1",
        "random-integer-list-generator-tea": "^1.0.1",
        "random-number-generator-tea": "^1.0.1",
        "random-quote-generator-tea": "^1.0.1",
        "shopping-cart-app": "^1.0.2",
        "simple-math-operations-tea": "^1.0.2",
        "simple-package-example-dangtthuynhi": "^1.0.5",
        "social-media-analytics-tool": "^1.0.2",
        "string-reversal-tea": "^1.0.1",
        "sum-dangtthuynhi": "^1.0.9",
        "temperature-converter-tea": "^1.0.1",
        "to-do-list-tea": "^1.0.1",
        "uppercase-word-generator-tea": "^1.0.1",
        "weather-app-tea": "^1.0.1",
        "welcome-message-app": "^1.0.1",
        "welcome-message-tea": "^1.0.1",
        "word-count-app-tea": "^1.0.1",
        "word-counter-tea": "^1.0.2",
        "word-reverser-tea": "^1.0.2"
      }
    },
    "node_modules/welcome-message-app": {
      "version": "1.0.1",
      "resolved": "https://registry.npmjs.org/welcome-message-app/-/welcome-message-app-1.0.1.tgz",
      "integrity": "sha512-eoycHTiPGUKG4Y+TMvZTrbOnoNzRia8DhSwJDNzwHCiTlU/OQGNEEr0v+vp4NHlGCe6oZ59koO6FBAmPEvMJ3A==",
      "dependencies": {
        "advanced-math-toolkit": "^1.0.1",
        "age-calculator-tea": "^1.0.1",
        "complex-package-minhhnob": "^1.0.3",
        "example-sum-hminhthu": "^1.0.4",
        "note-taking-tea": "^1.0.1",
        "random-quote-generator-tea": "^1.0.1",
        "shopping-cart-app": "^1.0.2",
        "simple-math-operations-tea": "^1.0.2",
        "simple-package-example-dangtthuynhi": "^1.0.5",
        "social-media-analytics-tool": "^1.0.2",
        "sum-dangtthuynhi": "^1.0.9",
        "to-do-list-tea": "^1.0.1",
        "weather-app-tea": "^1.0.1",
        "word-counter-tea": "^1.0.2",
        "word-reverser-tea": "^1.0.2"
      }
    },
    "node_modules/welcome-message-tea": {
      "version": "1.0.1",
      "resolved": "https://registry.npmjs.org/welcome-message-tea/-/welcome-message-tea-1.0.1.tgz",
      "integrity": "sha512-1mVCWjD1BYBWZeAaKiyHlIXzKBJP3vWmzDrKzbfj7kgnR2QgIIdPgi97zCgm8GtSg/wrZPXe/UOBpIvEtq5aUA==",
      "dependencies": {
        "advanced-math-toolkit": "^1.0.1",
        "age-calculator-tea": "^1.0.1",
        "case-converter-tea": "^1.0.1",
        "complex-package-minhhnob": "^1.0.3",
        "consecutive-prime-number-generator-tea": "^1.0.1",
        "current-date-and-time-app": "^1.0.1",
        "example-sum-hminhthu": "^1.0.4",
        "fibonacci-sequence-generator-tea": "^1.0.1",
        "note-taking-tea": "^1.0.1",
        "odd-even-checker-tea": "^1.0.1",
        "prime-number-generator-tea": "^1.0.1",
        "random-integer-list-generator-tea": "^1.0.1",
        "random-number-generator-tea": "^1.0.1",
        "random-quote-generator-tea": "^1.0.1",
        "shopping-cart-app": "^1.0.2",
        "simple-math-operations-tea": "^1.0.2",
        "simple-package-example-dangtthuynhi": "^1.0.5",
        "social-media-analytics-tool": "^1.0.2",
        "string-reversal-tea": "^1.0.1",
        "sum-dangtthuynhi": "^1.0.9",
        "to-do-list-tea": "^1.0.1",
        "uppercase-word-generator-tea": "^1.0.1",
        "weather-app-tea": "^1.0.1",
        "welcome-message-app": "^1.0.1",
        "word-count-app-tea": "^1.0.1",
        "word-counter-tea": "^1.0.2",
        "word-reverser-tea": "^1.0.2"
      }
    },
    "node_modules/word-count-app-tea": {
      "version": "1.0.1",
      "resolved": "https://registry.npmjs.org/word-count-app-tea/-/word-count-app-tea-1.0.1.tgz",
      "integrity": "sha512-4CQ4uuXFLY6xv5nFACESbWrSQpUOPxsubXKz3qY1xLBytAgQsp1uSPuvWBpz2kTOz++2hAHD1PjyX2cJuWW4KA==",
      "dependencies": {
        "advanced-math-toolkit": "^1.0.1",
        "age-calculator-tea": "^1.0.1",
        "complex-package-minhhnob": "^1.0.3",
        "current-date-and-time-app": "^1.0.1",
        "example-sum-hminhthu": "^1.0.4",
        "note-taking-tea": "^1.0.1",
        "random-quote-generator-tea": "^1.0.1",
        "shopping-cart-app": "^1.0.2",
        "simple-math-operations-tea": "^1.0.2",
        "simple-package-example-dangtthuynhi": "^1.0.5",
        "social-media-analytics-tool": "^1.0.2",
        "sum-dangtthuynhi": "^1.0.9",
        "to-do-list-tea": "^1.0.1",
        "weather-app-tea": "^1.0.1",
        "welcome-message-app": "^1.0.1",
        "word-counter-tea": "^1.0.2",
        "word-reverser-tea": "^1.0.2"
      }
    },
    "node_modules/word-counter-tea": {
      "version": "1.0.2",
      "resolved": "https://registry.npmjs.org/word-counter-tea/-/word-counter-tea-1.0.2.tgz",
      "integrity": "sha512-SqpSEzMruSgIIopCxORevRtUGBL3qhEnGTkEp949BaAc18lb08Hmt+wbS+6NQorReNKTyL3UkpCBay16RQ64WQ==",
      "dependencies": {
        "advanced-math-toolkit": "^1.0.1",
        "complex-package-minhhnob": "^1.0.3",
        "example-sum-hminhthu": "^1.0.4",
        "simple-package-example-dangtthuynhi": "^1.0.5",
        "sum-dangtthuynhi": "^1.0.9",
        "word-reverser-tea": "^1.0.2"
      }
    },
    "node_modules/word-reverser-tea": {
      "version": "1.0.2",
      "resolved": "https://registry.npmjs.org/word-reverser-tea/-/word-reverser-tea-1.0.2.tgz",
      "integrity": "sha512-6WpJdriM/e2lbEajFjqbosLchdCvRcDXyT5byUi/1HdiTNU7hh5eU7J6MraKOdKntYqbX6Fxx+Jwb+z/UHM7JA==",
      "dependencies": {
        "advanced-math-toolkit": "^1.0.1",
        "complex-package-minhhnob": "^1.0.3",
        "example-sum-hminhthu": "^1.0.4",
        "simple-package-example-dangtthuynhi": "^1.0.5",
        "sum-dangtthuynhi": "^1.0.9"
      }
    }
  }
}
